// !$*UTF8*$!
{
	archiveVersion = 1;
	classes = {
	};
	objectVersion = 55;
	objects = {

/* Begin PBXBuildFile section */
		54701A2F283915DC001E4222 /* AppDelegate.swift in Sources */ = {isa = PBXBuildFile; fileRef = 54701A2E283915DC001E4222 /* AppDelegate.swift */; };
		54701A31283915DC001E4222 /* SceneDelegate.swift in Sources */ = {isa = PBXBuildFile; fileRef = 54701A30283915DC001E4222 /* SceneDelegate.swift */; };
		54701A33283915DC001E4222 /* ViewController.swift in Sources */ = {isa = PBXBuildFile; fileRef = 54701A32283915DC001E4222 /* ViewController.swift */; };
		54701A36283915DC001E4222 /* Main.storyboard in Resources */ = {isa = PBXBuildFile; fileRef = 54701A34283915DC001E4222 /* Main.storyboard */; };
		54701A38283915DD001E4222 /* Assets.xcassets in Resources */ = {isa = PBXBuildFile; fileRef = 54701A37283915DD001E4222 /* Assets.xcassets */; };
		54701A3B283915DD001E4222 /* LaunchScreen.storyboard in Resources */ = {isa = PBXBuildFile; fileRef = 54701A39283915DD001E4222 /* LaunchScreen.storyboard */; };
		54701A4B28391624001E4222 /* nssl0051.jpeg in Resources */ = {isa = PBXBuildFile; fileRef = 54701A4328391624001E4222 /* nssl0051.jpeg */; };
		54701A4C28391624001E4222 /* nssl0046.jpeg in Resources */ = {isa = PBXBuildFile; fileRef = 54701A4428391624001E4222 /* nssl0046.jpeg */; };
		54701A4D28391624001E4222 /* nssl0043.jpeg in Resources */ = {isa = PBXBuildFile; fileRef = 54701A4528391624001E4222 /* nssl0043.jpeg */; };
		54701A4E28391624001E4222 /* nssl0042.jpeg in Resources */ = {isa = PBXBuildFile; fileRef = 54701A4628391624001E4222 /* nssl0042.jpeg */; };
		54701A4F28391624001E4222 /* nssl0045.jpeg in Resources */ = {isa = PBXBuildFile; fileRef = 54701A4728391624001E4222 /* nssl0045.jpeg */; };
		54701A5028391624001E4222 /* nssl0049.jpeg in Resources */ = {isa = PBXBuildFile; fileRef = 54701A4828391624001E4222 /* nssl0049.jpeg */; };
		54701A5128391624001E4222 /* nssl0033.jpeg in Resources */ = {isa = PBXBuildFile; fileRef = 54701A4928391624001E4222 /* nssl0033.jpeg */; };
		54701A5228391624001E4222 /* nssl0091.jpeg in Resources */ = {isa = PBXBuildFile; fileRef = 54701A4A28391624001E4222 /* nssl0091.jpeg */; };
		54701A5428392D3B001E4222 /* DetailViewController.swift in Sources */ = {isa = PBXBuildFile; fileRef = 54701A5328392D3B001E4222 /* DetailViewController.swift */; };
/* End PBXBuildFile section */

/* Begin PBXFileReference section */
		54701A2B283915DC001E4222 /* Project1 Use TableView.app */ = {isa = PBXFileReference; explicitFileType = wrapper.application; includeInIndex = 0; path = "Project1 Use TableView.app"; sourceTree = BUILT_PRODUCTS_DIR; };
		54701A2E283915DC001E4222 /* AppDelegate.swift */ = {isa = PBXFileReference; lastKnownFileType = sourcecode.swift; path = AppDelegate.swift; sourceTree = "<group>"; };
		54701A30283915DC001E4222 /* SceneDelegate.swift */ = {isa = PBXFileReference; lastKnownFileType = sourcecode.swift; path = SceneDelegate.swift; sourceTree = "<group>"; };
		54701A32283915DC001E4222 /* ViewController.swift */ = {isa = PBXFileReference; lastKnownFileType = sourcecode.swift; path = ViewController.swift; sourceTree = "<group>"; };
		54701A35283915DC001E4222 /* Base */ = {isa = PBXFileReference; lastKnownFileType = file.storyboard; name = Base; path = Base.lproj/Main.storyboard; sourceTree = "<group>"; };
		54701A37283915DD001E4222 /* Assets.xcassets */ = {isa = PBXFileReference; lastKnownFileType = folder.assetcatalog; path = Assets.xcassets; sourceTree = "<group>"; };
		54701A3A283915DD001E4222 /* Base */ = {isa = PBXFileReference; lastKnownFileType = file.storyboard; name = Base; path = Base.lproj/LaunchScreen.storyboard; sourceTree = "<group>"; };
		54701A3C283915DD001E4222 /* Info.plist */ = {isa = PBXFileReference; lastKnownFileType = text.plist.xml; path = Info.plist; sourceTree = "<group>"; };
		54701A4328391624001E4222 /* nssl0051.jpeg */ = {isa = PBXFileReference; lastKnownFileType = image.jpeg; path = nssl0051.jpeg; sourceTree = "<group>"; };
		54701A4428391624001E4222 /* nssl0046.jpeg */ = {isa = PBXFileReference; lastKnownFileType = image.jpeg; path = nssl0046.jpeg; sourceTree = "<group>"; };
		54701A4528391624001E4222 /* nssl0043.jpeg */ = {isa = PBXFileReference; lastKnownFileType = image.jpeg; path = nssl0043.jpeg; sourceTree = "<group>"; };
		54701A4628391624001E4222 /* nssl0042.jpeg */ = {isa = PBXFileReference; lastKnownFileType = image.jpeg; path = nssl0042.jpeg; sourceTree = "<group>"; };
		54701A4728391624001E4222 /* nssl0045.jpeg */ = {isa = PBXFileReference; lastKnownFileType = image.jpeg; path = nssl0045.jpeg; sourceTree = "<group>"; };
		54701A4828391624001E4222 /* nssl0049.jpeg */ = {isa = PBXFileReference; lastKnownFileType = image.jpeg; path = nssl0049.jpeg; sourceTree = "<group>"; };
		54701A4928391624001E4222 /* nssl0033.jpeg */ = {isa = PBXFileReference; lastKnownFileType = image.jpeg; path = nssl0033.jpeg; sourceTree = "<group>"; };
		54701A4A28391624001E4222 /* nssl0091.jpeg */ = {isa = PBXFileReference; lastKnownFileType = image.jpeg; path = nssl0091.jpeg; sourceTree = "<group>"; };
		54701A5328392D3B001E4222 /* DetailViewController.swift */ = {isa = PBXFileReference; lastKnownFileType = sourcecode.swift; path = DetailViewController.swift; sourceTree = "<group>"; };
/* End PBXFileReference section */

/* Begin PBXFrameworksBuildPhase section */
		54701A28283915DC001E4222 /* Frameworks */ = {
			isa = PBXFrameworksBuildPhase;
			buildActionMask = 2147483647;
			files = (
			);
			runOnlyForDeploymentPostprocessing = 0;
		};
/* End PBXFrameworksBuildPhase section */

/* Begin PBXGroup section */
		54701A22283915DC001E4222 = {
			isa = PBXGroup;
			children = (
				54701A2D283915DC001E4222 /* Project1 Use TableView */,
				54701A2C283915DC001E4222 /* Products */,
			);
			sourceTree = "<group>";
		};
		54701A2C283915DC001E4222 /* Products */ = {
			isa = PBXGroup;
			children = (
				54701A2B283915DC001E4222 /* Project1 Use TableView.app */,
			);
			name = Products;
			sourceTree = "<group>";
		};
		54701A2D283915DC001E4222 /* Project1 Use TableView */ = {
			isa = PBXGroup;
			children = (
				54701A2E283915DC001E4222 /* AppDelegate.swift */,
				54701A30283915DC001E4222 /* SceneDelegate.swift */,
				54701A32283915DC001E4222 /* ViewController.swift */,
				54701A5328392D3B001E4222 /* DetailViewController.swift */,
				54701A34283915DC001E4222 /* Main.storyboard */,
				54701A37283915DD001E4222 /* Assets.xcassets */,
				54701A39283915DD001E4222 /* LaunchScreen.storyboard */,
				54701A3C283915DD001E4222 /* Info.plist */,
				54701A4228391624001E4222 /* content */,
			);
			path = "Project1 Use TableView";
			sourceTree = "<group>";
		};
		54701A4228391624001E4222 /* content */ = {
			isa = PBXGroup;
			children = (
				54701A4328391624001E4222 /* nssl0051.jpeg */,
				54701A4428391624001E4222 /* nssl0046.jpeg */,
				54701A4528391624001E4222 /* nssl0043.jpeg */,
				54701A4628391624001E4222 /* nssl0042.jpeg */,
				54701A4728391624001E4222 /* nssl0045.jpeg */,
				54701A4828391624001E4222 /* nssl0049.jpeg */,
				54701A4928391624001E4222 /* nssl0033.jpeg */,
				54701A4A28391624001E4222 /* nssl0091.jpeg */,
			);
			path = content;
			sourceTree = "<group>";
		};
/* End PBXGroup section */

/* Begin PBXNativeTarget section */
		54701A2A283915DC001E4222 /* Project1 Use TableView */ = {
			isa = PBXNativeTarget;
			buildConfigurationList = 54701A3F283915DD001E4222 /* Build configuration list for PBXNativeTarget "Project1 Use TableView" */;
			buildPhases = (
				54701A27283915DC001E4222 /* Sources */,
				54701A28283915DC001E4222 /* Frameworks */,
				54701A29283915DC001E4222 /* Resources */,
			);
			buildRules = (
			);
			dependencies = (
			);
			name = "Project1 Use TableView";
			productName = "Project1 Use TableView";
			productReference = 54701A2B283915DC001E4222 /* Project1 Use TableView.app */;
			productType = "com.apple.product-type.application";
		};
/* End PBXNativeTarget section */

/* Begin PBXProject section */
		54701A23283915DC001E4222 /* Project object */ = {
			isa = PBXProject;
			attributes = {
				BuildIndependentTargetsInParallel = 1;
				LastSwiftUpdateCheck = 1330;
				LastUpgradeCheck = 1330;
				TargetAttributes = {
					54701A2A283915DC001E4222 = {
						CreatedOnToolsVersion = 13.3.1;
					};
				};
			};
			buildConfigurationList = 54701A26283915DC001E4222 /* Build configuration list for PBXProject "Project1 Use TableView" */;
			compatibilityVersion = "Xcode 13.0";
			developmentRegion = en;
			hasScannedForEncodings = 0;
			knownRegions = (
				en,
				Base,
			);
			mainGroup = 54701A22283915DC001E4222;
			productRefGroup = 54701A2C283915DC001E4222 /* Products */;
			projectDirPath = "";
			projectRoot = "";
			targets = (
				54701A2A283915DC001E4222 /* Project1 Use TableView */,
			);
		};
/* End PBXProject section */

/* Begin PBXResourcesBuildPhase section */
		54701A29283915DC001E4222 /* Resources */ = {
			isa = PBXResourcesBuildPhase;
			buildActionMask = 2147483647;
			files = (
				54701A3B283915DD001E4222 /* LaunchScreen.storyboard in Resources */,
				54701A5128391624001E4222 /* nssl0033.jpeg in Resources */,
				54701A4C28391624001E4222 /* nssl0046.jpeg in Resources */,
				54701A4F28391624001E4222 /* nssl0045.jpeg in Resources */,
				54701A4D28391624001E4222 /* nssl0043.jpeg in Resources */,
				54701A4E28391624001E4222 /* nssl0042.jpeg in Resources */,
				54701A5228391624001E4222 /* nssl0091.jpeg in Resources */,
				54701A38283915DD001E4222 /* Assets.xcassets in Resources */,
				54701A36283915DC001E4222 /* Main.storyboard in Resources */,
				54701A4B28391624001E4222 /* nssl0051.jpeg in Resources */,
				54701A5028391624001E4222 /* nssl0049.jpeg in Resources */,
			);
			runOnlyForDeploymentPostprocessing = 0;
		};
/* End PBXResourcesBuildPhase section */

/* Begin PBXSourcesBuildPhase section */
		54701A27283915DC001E4222 /* Sources */ = {
			isa = PBXSourcesBuildPhase;
			buildActionMask = 2147483647;
			files = (
				54701A33283915DC001E4222 /* ViewController.swift in Sources */,
				54701A2F283915DC001E4222 /* AppDelegate.swift in Sources */,
				54701A31283915DC001E4222 /* SceneDelegate.swift in Sources */,
				54701A5428392D3B001E4222 /* DetailViewController.swift in Sources */,
			);
			runOnlyForDeploymentPostprocessing = 0;
		};
/* End PBXSourcesBuildPhase section */

/* Begin PBXVariantGroup section */
		54701A34283915DC001E4222 /* Main.storyboard */ = {
			isa = PBXVariantGroup;
			children = (
				54701A35283915DC001E4222 /* Base */,
			);
			name = Main.storyboard;
			sourceTree = "<group>";
		};
		54701A39283915DD001E4222 /* LaunchScreen.storyboard */ = {
			isa = PBXVariantGroup;
			children = (
				54701A3A283915DD001E4222 /* Base */,
			);
			name = LaunchScreen.storyboard;
			sourceTree = "<group>";
		};
/* End PBXVariantGroup section */

/* Begin XCBuildConfiguration section */
		54701A3D283915DD001E4222 /* Debug */ = {
			isa = XCBuildConfiguration;
			buildSettings = {
				ALWAYS_SEARCH_USER_PATHS = NO;
				CLANG_ANALYZER_NONNULL = YES;
				CLANG_ANALYZER_NUMBER_OBJECT_CONVERSION = YES_AGGRESSIVE;
				CLANG_CXX_LANGUAGE_STANDARD = "gnu++17";
				CLANG_ENABLE_MODULES = YES;
				CLANG_ENABLE_OBJC_ARC = YES;
				CLANG_ENABLE_OBJC_WEAK = YES;
				CLANG_WARN_BLOCK_CAPTURE_AUTORELEASING = YES;
				CLANG_WARN_BOOL_CONVERSION = YES;
				CLANG_WARN_COMMA = YES;
				CLANG_WARN_CONSTANT_CONVERSION = YES;
				CLANG_WARN_DEPRECATED_OBJC_IMPLEMENTATIONS = YES;
				CLANG_WARN_DIRECT_OBJC_ISA_USAGE = YES_ERROR;
				CLANG_WARN_DOCUMENTATION_COMMENTS = YES;
				CLANG_WARN_EMPTY_BODY = YES;
				CLANG_WARN_ENUM_CONVERSION = YES;
				CLANG_WARN_INFINITE_RECURSION = YES;
				CLANG_WARN_INT_CONVERSION = YES;
				CLANG_WARN_NON_LITERAL_NULL_CONVERSION = YES;
				CLANG_WARN_OBJC_IMPLICIT_RETAIN_SELF = YES;
				CLANG_WARN_OBJC_LITERAL_CONVERSION = YES;
				CLANG_WARN_OBJC_ROOT_CLASS = YES_ERROR;
				CLANG_WARN_QUOTED_INCLUDE_IN_FRAMEWORK_HEADER = YES;
				CLANG_WARN_RANGE_LOOP_ANALYSIS = YES;
				CLANG_WARN_STRICT_PROTOTYPES = YES;
				CLANG_WARN_SUSPICIOUS_MOVE = YES;
				CLANG_WARN_UNGUARDED_AVAILABILITY = YES_AGGRESSIVE;
				CLANG_WARN_UNREACHABLE_CODE = YES;
				CLANG_WARN__DUPLICATE_METHOD_MATCH = YES;
				COPY_PHASE_STRIP = NO;
				DEBUG_INFORMATION_FORMAT = dwarf;
				ENABLE_STRICT_OBJC_MSGSEND = YES;
				ENABLE_TESTABILITY = YES;
				GCC_C_LANGUAGE_STANDARD = gnu11;
				GCC_DYNAMIC_NO_PIC = NO;
				GCC_NO_COMMON_BLOCKS = YES;
				GCC_OPTIMIZATION_LEVEL = 0;
				GCC_PREPROCESSOR_DEFINITIONS = (
					"DEBUG=1",
					"$(inherited)",
				);
				GCC_WARN_64_TO_32_BIT_CONVERSION = YES;
				GCC_WARN_ABOUT_RETURN_TYPE = YES_ERROR;
				GCC_WARN_UNDECLARED_SELECTOR = YES;
				GCC_WARN_UNINITIALIZED_AUTOS = YES_AGGRESSIVE;
				GCC_WARN_UNUSED_FUNCTION = YES;
				GCC_WARN_UNUSED_VARIABLE = YES;
				IPHONEOS_DEPLOYMENT_TARGET = 15.4;
				MTL_ENABLE_DEBUG_INFO = INCLUDE_SOURCE;
				MTL_FAST_MATH = YES;
				ONLY_ACTIVE_ARCH = YES;
				SDKROOT = iphoneos;
				SWIFT_ACTIVE_COMPILATION_CONDITIONS = DEBUG;
				SWIFT_OPTIMIZATION_LEVEL = "-Onone";
			};
			name = Debug;
		};
		54701A3E283915DD001E4222 /* Release */ = {
			isa = XCBuildConfiguration;
			buildSettings = {
				ALWAYS_SEARCH_USER_PATHS = NO;
				CLANG_ANALYZER_NONNULL = YES;
				CLANG_ANALYZER_NUMBER_OBJECT_CONVERSION = YES_AGGRESSIVE;
				CLANG_CXX_LANGUAGE_STANDARD = "gnu++17";
				CLANG_ENABLE_MODULES = YES;
				CLANG_ENABLE_OBJC_ARC = YES;
				CLANG_ENABLE_OBJC_WEAK = YES;
				CLANG_WARN_BLOCK_CAPTURE_AUTORELEASING = YES;
				CLANG_WARN_BOOL_CONVERSION = YES;
				CLANG_WARN_COMMA = YES;
				CLANG_WARN_CONSTANT_CONVERSION = YES;
				CLANG_WARN_DEPRECATED_OBJC_IMPLEMENTATIONS = YES;
				CLANG_WARN_DIRECT_OBJC_ISA_USAGE = YES_ERROR;
				CLANG_WARN_DOCUMENTATION_COMMENTS = YES;
				CLANG_WARN_EMPTY_BODY = YES;
				CLANG_WARN_ENUM_CONVERSION = YES;
				CLANG_WARN_INFINITE_RECURSION = YES;
				CLANG_WARN_INT_CONVERSION = YES;
				CLANG_WARN_NON_LITERAL_NULL_CONVERSION = YES;
				CLANG_WARN_OBJC_IMPLICIT_RETAIN_SELF = YES;
				CLANG_WARN_OBJC_LITERAL_CONVERSION = YES;
				CLANG_WARN_OBJC_ROOT_CLASS = YES_ERROR;
				CLANG_WARN_QUOTED_INCLUDE_IN_FRAMEWORK_HEADER = YES;
				CLANG_WARN_RANGE_LOOP_ANALYSIS = YES;
				CLANG_WARN_STRICT_PROTOTYPES = YES;
				CLANG_WARN_SUSPICIOUS_MOVE = YES;
				CLANG_WARN_UNGUARDED_AVAILABILITY = YES_AGGRESSIVE;
				CLANG_WARN_UNREACHABLE_CODE = YES;
				CLANG_WARN__DUPLICATE_METHOD_MATCH = YES;
				COPY_PHASE_STRIP = NO;
				DEBUG_INFORMATION_FORMAT = "dwarf-with-dsym";
				ENABLE_NS_ASSERTIONS = NO;
				ENABLE_STRICT_OBJC_MSGSEND = YES;
				GCC_C_LANGUAGE_STANDARD = gnu11;
				GCC_NO_COMMON_BLOCKS = YES;
				GCC_WARN_64_TO_32_BIT_CONVERSION = YES;
				GCC_WARN_ABOUT_RETURN_TYPE = YES_ERROR;
				GCC_WARN_UNDECLARED_SELECTOR = YES;
				GCC_WARN_UNINITIALIZED_AUTOS = YES_AGGRESSIVE;
				GCC_WARN_UNUSED_FUNCTION = YES;
				GCC_WARN_UNUSED_VARIABLE = YES;
				IPHONEOS_DEPLOYMENT_TARGET = 15.4;
				MTL_ENABLE_DEBUG_INFO = NO;
				MTL_FAST_MATH = YES;
				SDKROOT = iphoneos;
				SWIFT_COMPILATION_MODE = wholemodule;
				SWIFT_OPTIMIZATION_LEVEL = "-O";
				VALIDATE_PRODUCT = YES;
			};
			name = Release;
		};
		54701A40283915DD001E4222 /* Debug */ = {
			isa = XCBuildConfiguration;
			buildSettings = {
				ASSETCATALOG_COMPILER_APPICON_NAME = AppIcon;
				ASSETCATALOG_COMPILER_GLOBAL_ACCENT_COLOR_NAME = AccentColor;
				CODE_SIGN_STYLE = Automatic;
				CURRENT_PROJECT_VERSION = 1;
				DEVELOPMENT_TEAM = WJT22M2F7F;
				GENERATE_INFOPLIST_FILE = YES;
				INFOPLIST_FILE = "Project1 Use TableView/Info.plist";
				INFOPLIST_KEY_UIApplicationSupportsIndirectInputEvents = YES;
				INFOPLIST_KEY_UILaunchStoryboardName = LaunchScreen;
				INFOPLIST_KEY_UIMainStoryboardFile = Main;
				INFOPLIST_KEY_UISupportedInterfaceOrientations_iPad = "UIInterfaceOrientationPortrait UIInterfaceOrientationPortraitUpsideDown UIInterfaceOrientationLandscapeLeft UIInterfaceOrientationLandscapeRight";
				INFOPLIST_KEY_UISupportedInterfaceOrientations_iPhone = "UIInterfaceOrientationPortrait UIInterfaceOrientationLandscapeLeft UIInterfaceOrientationLandscapeRight";
				LD_RUNPATH_SEARCH_PATHS = (
					"$(inherited)",
					"@executable_path/Frameworks",
				);
				MARKETING_VERSION = 1.0;
				PRODUCT_BUNDLE_IDENTIFIER = "burak-akcan.Project1-Use-TableView";
				PRODUCT_NAME = "$(TARGET_NAME)";
				SWIFT_EMIT_LOC_STRINGS = YES;
				SWIFT_VERSION = 5.0;
				TARGETED_DEVICE_FAMILY = "1,2";
			};
			name = Debug;
		};
		54701A41283915DD001E4222 /* Release */ = {
			isa = XCBuildConfiguration;
			buildSettings = {
				ASSETCATALOG_COMPILER_APPICON_NAME = AppIcon;
				ASSETCATALOG_COMPILER_GLOBAL_ACCENT_COLOR_NAME = AccentColor;
				CODE_SIGN_STYLE = Automatic;
				CURRENT_PROJECT_VERSION = 1;
				DEVELOPMENT_TEAM = WJT22M2F7F;
				GENERATE_INFOPLIST_FILE = YES;
				INFOPLIST_FILE = "Project1 Use TableView/Info.plist";
				INFOPLIST_KEY_UIApplicationSupportsIndirectInputEvents = YES;
				INFOPLIST_KEY_UILaunchStoryboardName = LaunchScreen;
				INFOPLIST_KEY_UIMainStoryboardFile = Main;
				INFOPLIST_KEY_UISupportedInterfaceOrientations_iPad = "UIInterfaceOrientationPortrait UIInterfaceOrientationPortraitUpsideDown UIInterfaceOrientationLandscapeLeft UIInterfaceOrientationLandscapeRight";
				INFOPLIST_KEY_UISupportedInterfaceOrientations_iPhone = "UIInterfaceOrientationPortrait UIInterfaceOrientationLandscapeLeft UIInterfaceOrientationLandscapeRight";
				LD_RUNPATH_SEARCH_PATHS = (
					"$(inherited)",
					"@executable_path/Frameworks",
				);
				MARKETING_VERSION = 1.0;
				PRODUCT_BUNDLE_IDENTIFIER = "burak-akcan.Project1-Use-TableView";
				PRODUCT_NAME = "$(TARGET_NAME)";
				SWIFT_EMIT_LOC_STRINGS = YES;
				SWIFT_VERSION = 5.0;
				TARGETED_DEVICE_FAMILY = "1,2";
			};
			name = Release;
		};
/* End XCBuildConfiguration section */

/* Begin XCConfigurationList section */
		54701A26283915DC001E4222 /* Build configuration list for PBXProject "Project1 Use TableView" */ = {
			isa = XCConfigurationList;
			buildConfigurations = (
				54701A3D283915DD001E4222 /* Debug */,
				54701A3E283915DD001E4222 /* Release */,
			);
			defaultConfigurationIsVisible = 0;
			defaultConfigurationName = Release;
		};
		54701A3F283915DD001E4222 /* Build configuration list for PBXNativeTarget "Project1 Use TableView" */ = {
			isa = XCConfigurationList;
			buildConfigurations = (
				54701A40283915DD001E4222 /* Debug */,
				54701A41283915DD001E4222 /* Release */,
			);
			defaultConfigurationIsVisible = 0;
			defaultConfigurationName = Release;
		};
/* End XCConfigurationList section */
	};
	rootObject = 54701A23283915DC001E4222 /* Project object */;
}
